
Microsoft Visual Studio Solution File, Format Version 12.00
# Visual Studio Version 16
VisualStudioVersion = 16.0.31129.286
MinimumVisualStudioVersion = 10.0.40219.1
Project("{2150E333-8FDC-42A3-9474-1A3956D46DE8}") = "EMovieFinder", "EMovieFinder", "{2B078E8C-970B-4E7B-80AE-B3F43DBD11F9}"
EndProject
Project("{9A19103F-16F7-4668-BE54-9A1E7A4F7556}") = "EMovieFinder.Web", "EMovieFinder.Web\EMovieFinder.Web.csproj", "{EFB96ADC-E7EE-4B27-8131-2A28B256E45F}"
EndProject
Project("{FAE04EC0-301F-11D3-BF4B-00C04F79EFBC}") = "EMovieFinder.Repository", "EMovieFinder.Repository\EMovieFinder.Repository.csproj", "{8C8AFAAE-06B7-4733-9A8E-10C473B17C13}"
EndProject
Project("{FAE04EC0-301F-11D3-BF4B-00C04F79EFBC}") = "EMovieFinder.Domain", "EMovieFinder.Domain\EMovieFinder.Domain.csproj", "{27ECEB79-8ED2-482B-AC01-386BBECD2DC0}"
EndProject
Project("{FAE04EC0-301F-11D3-BF4B-00C04F79EFBC}") = "EMovieFinder.Service", "EMovieFinder.Service\EMovieFinder.Service.csproj", "{33700907-DC8B-4487-BD06-2FE3704D29D6}"
EndProject
Global
	GlobalSection(SolutionConfigurationPlatforms) = preSolution
		Debug|Any CPU = Debug|Any CPU
		Release|Any CPU = Release|Any CPU
	EndGlobalSection
	GlobalSection(ProjectConfigurationPlatforms) = postSolution
		{EFB96ADC-E7EE-4B27-8131-2A28B256E45F}.Debug|Any CPU.ActiveCfg = Debug|Any CPU
		{EFB96ADC-E7EE-4B27-8131-2A28B256E45F}.Debug|Any CPU.Build.0 = Debug|Any CPU
		{EFB96ADC-E7EE-4B27-8131-2A28B256E45F}.Release|Any CPU.ActiveCfg = Release|Any CPU
		{EFB96ADC-E7EE-4B27-8131-2A28B256E45F}.Release|Any CPU.Build.0 = Release|Any CPU
		{8C8AFAAE-06B7-4733-9A8E-10C473B17C13}.Debug|Any CPU.ActiveCfg = Debug|Any CPU
		{8C8AFAAE-06B7-4733-9A8E-10C473B17C13}.Debug|Any CPU.Build.0 = Debug|Any CPU
		{8C8AFAAE-06B7-4733-9A8E-10C473B17C13}.Release|Any CPU.ActiveCfg = Release|Any CPU
		{8C8AFAAE-06B7-4733-9A8E-10C473B17C13}.Release|Any CPU.Build.0 = Release|Any CPU
		{27ECEB79-8ED2-482B-AC01-386BBECD2DC0}.Debug|Any CPU.ActiveCfg = Debug|Any CPU
		{27ECEB79-8ED2-482B-AC01-386BBECD2DC0}.Debug|Any CPU.Build.0 = Debug|Any CPU
		{27ECEB79-8ED2-482B-AC01-386BBECD2DC0}.Release|Any CPU.ActiveCfg = Release|Any CPU
		{27ECEB79-8ED2-482B-AC01-386BBECD2DC0}.Release|Any CPU.Build.0 = Release|Any CPU
		{33700907-DC8B-4487-BD06-2FE3704D29D6}.Debug|Any CPU.ActiveCfg = Debug|Any CPU
		{33700907-DC8B-4487-BD06-2FE3704D29D6}.Debug|Any CPU.Build.0 = Debug|Any CPU
		{33700907-DC8B-4487-BD06-2FE3704D29D6}.Release|Any CPU.ActiveCfg = Release|Any CPU
		{33700907-DC8B-4487-BD06-2FE3704D29D6}.Release|Any CPU.Build.0 = Release|Any CPU
	EndGlobalSection
	GlobalSection(SolutionProperties) = preSolution
		HideSolutionNode = FALSE
	EndGlobalSection
	GlobalSection(NestedProjects) = preSolution
		{EFB96ADC-E7EE-4B27-8131-2A28B256E45F} = {2B078E8C-970B-4E7B-80AE-B3F43DBD11F9}
		{8C8AFAAE-06B7-4733-9A8E-10C473B17C13} = {2B078E8C-970B-4E7B-80AE-B3F43DBD11F9}
		{27ECEB79-8ED2-482B-AC01-386BBECD2DC0} = {2B078E8C-970B-4E7B-80AE-B3F43DBD11F9}
		{33700907-DC8B-4487-BD06-2FE3704D29D6} = {2B078E8C-970B-4E7B-80AE-B3F43DBD11F9}
	EndGlobalSection
	GlobalSection(ExtensibilityGlobals) = postSolution
		SolutionGuid = {5D00CAC6-BB45-4163-8DC0-B55EE21DADB3}
	EndGlobalSection
EndGlobal
